PODS:
  - FBSnapshotTestCase (2.1.4):
    - FBSnapshotTestCase/SwiftSupport (= 2.1.4)
  - FBSnapshotTestCase/Core (2.1.4)
  - FBSnapshotTestCase/SwiftSupport (2.1.4):
    - FBSnapshotTestCase/Core
  - GomobileIPFS (0.1.0)

DEPENDENCIES:
  - FBSnapshotTestCase (~> 2.1.4)
  - GomobileIPFS (from `../`)

SPEC REPOS:
  https://github.com/CocoaPods/Specs.git:
    - FBSnapshotTestCase

EXTERNAL SOURCES:
  GomobileIPFS:
    :path: "../"

SPEC CHECKSUMS:
  FBSnapshotTestCase: 094f9f314decbabe373b87cc339bea235a63e07a
  GomobileIPFS: 1d0fa985b6310d12756699664f59ed038db1f1d4

PODFILE CHECKSUM: a4ddb138f19001efe077fe0e09740996a4de79c3

COCOAPODS: 1.8.4
